// !$*UTF8*$!
{
	archiveVersion = 1;
	classes = {
	};
	objectVersion = 50;
	objects = {

/* Begin PBXBuildFile section */
		6E55888021A5F962000C2FA4 /* Exercise.swift in Sources */ = {isa = PBXBuildFile; fileRef = 6E55887F21A5F962000C2FA4 /* Exercise.swift */; };
		6E55888221A5FB11000C2FA4 /* Enums.swift in Sources */ = {isa = PBXBuildFile; fileRef = 6E55888121A5FB11000C2FA4 /* Enums.swift */; };
		6E55888421A85FC9000C2FA4 /* ExerciseParams.swift in Sources */ = {isa = PBXBuildFile; fileRef = 6E55888321A85FC9000C2FA4 /* ExerciseParams.swift */; };
		6E55888621A8A260000C2FA4 /* Workout.swift in Sources */ = {isa = PBXBuildFile; fileRef = 6E55888521A8A260000C2FA4 /* Workout.swift */; };
		6ED9D5AD21C836F10045863F /* WorkoutStructure.swift in Sources */ = {isa = PBXBuildFile; fileRef = 6ED9D5AC21C836F10045863F /* WorkoutStructure.swift */; };
		6ED9D5AF21CD439B0045863F /* Errors.swift in Sources */ = {isa = PBXBuildFile; fileRef = 6ED9D5AE21CD439B0045863F /* Errors.swift */; };
		6EF5A98521A5ECA5006F053C /* AppDelegate.swift in Sources */ = {isa = PBXBuildFile; fileRef = 6EF5A98421A5ECA5006F053C /* AppDelegate.swift */; };
		6EF5A98721A5ECA6006F053C /* ViewController.swift in Sources */ = {isa = PBXBuildFile; fileRef = 6EF5A98621A5ECA6006F053C /* ViewController.swift */; };
		6EF5A98A21A5ECA6006F053C /* Main.storyboard in Resources */ = {isa = PBXBuildFile; fileRef = 6EF5A98821A5ECA6006F053C /* Main.storyboard */; };
		6EF5A98C21A5ECA7006F053C /* Assets.xcassets in Resources */ = {isa = PBXBuildFile; fileRef = 6EF5A98B21A5ECA7006F053C /* Assets.xcassets */; };
		6EF5A98F21A5ECA7006F053C /* LaunchScreen.storyboard in Resources */ = {isa = PBXBuildFile; fileRef = 6EF5A98D21A5ECA7006F053C /* LaunchScreen.storyboard */; };
/* End PBXBuildFile section */

/* Begin PBXFileReference section */
		6E55887F21A5F962000C2FA4 /* Exercise.swift */ = {isa = PBXFileReference; lastKnownFileType = sourcecode.swift; path = Exercise.swift; sourceTree = "<group>"; };
		6E55888121A5FB11000C2FA4 /* Enums.swift */ = {isa = PBXFileReference; lastKnownFileType = sourcecode.swift; path = Enums.swift; sourceTree = "<group>"; };
		6E55888321A85FC9000C2FA4 /* ExerciseParams.swift */ = {isa = PBXFileReference; lastKnownFileType = sourcecode.swift; path = ExerciseParams.swift; sourceTree = "<group>"; };
		6E55888521A8A260000C2FA4 /* Workout.swift */ = {isa = PBXFileReference; lastKnownFileType = sourcecode.swift; path = Workout.swift; sourceTree = "<group>"; };
		6ED9D5AC21C836F10045863F /* WorkoutStructure.swift */ = {isa = PBXFileReference; lastKnownFileType = sourcecode.swift; path = WorkoutStructure.swift; sourceTree = "<group>"; };
		6ED9D5AE21CD439B0045863F /* Errors.swift */ = {isa = PBXFileReference; lastKnownFileType = sourcecode.swift; path = Errors.swift; sourceTree = "<group>"; };
		6EF5A98121A5ECA5006F053C /* Adapt.app */ = {isa = PBXFileReference; explicitFileType = wrapper.application; includeInIndex = 0; path = Adapt.app; sourceTree = BUILT_PRODUCTS_DIR; };
		6EF5A98421A5ECA5006F053C /* AppDelegate.swift */ = {isa = PBXFileReference; lastKnownFileType = sourcecode.swift; path = AppDelegate.swift; sourceTree = "<group>"; };
		6EF5A98621A5ECA6006F053C /* ViewController.swift */ = {isa = PBXFileReference; lastKnownFileType = sourcecode.swift; path = ViewController.swift; sourceTree = "<group>"; };
		6EF5A98921A5ECA6006F053C /* Base */ = {isa = PBXFileReference; lastKnownFileType = file.storyboard; name = Base; path = Base.lproj/Main.storyboard; sourceTree = "<group>"; };
		6EF5A98B21A5ECA7006F053C /* Assets.xcassets */ = {isa = PBXFileReference; lastKnownFileType = folder.assetcatalog; path = Assets.xcassets; sourceTree = "<group>"; };
		6EF5A98E21A5ECA7006F053C /* Base */ = {isa = PBXFileReference; lastKnownFileType = file.storyboard; name = Base; path = Base.lproj/LaunchScreen.storyboard; sourceTree = "<group>"; };
		6EF5A99021A5ECA7006F053C /* Info.plist */ = {isa = PBXFileReference; lastKnownFileType = text.plist.xml; path = Info.plist; sourceTree = "<group>"; };
/* End PBXFileReference section */

/* Begin PBXFrameworksBuildPhase section */
		6EF5A97E21A5ECA5006F053C /* Frameworks */ = {
			isa = PBXFrameworksBuildPhase;
			buildActionMask = 2147483647;
			files = (
			);
			runOnlyForDeploymentPostprocessing = 0;
		};
/* End PBXFrameworksBuildPhase section */

/* Begin PBXGroup section */
		6E55887E21A5F4D1000C2FA4 /* AdaptLib */ = {
			isa = PBXGroup;
			children = (
				6E55887F21A5F962000C2FA4 /* Exercise.swift */,
				6E55888121A5FB11000C2FA4 /* Enums.swift */,
				6E55888321A85FC9000C2FA4 /* ExerciseParams.swift */,
				6E55888521A8A260000C2FA4 /* Workout.swift */,
				6ED9D5AC21C836F10045863F /* WorkoutStructure.swift */,
				6ED9D5AE21CD439B0045863F /* Errors.swift */,
			);
			path = AdaptLib;
			sourceTree = "<group>";
		};
		6EF5A97821A5ECA5006F053C = {
			isa = PBXGroup;
			children = (
				6EF5A98321A5ECA5006F053C /* Adapt */,
				6EF5A98221A5ECA5006F053C /* Products */,
			);
			sourceTree = "<group>";
		};
		6EF5A98221A5ECA5006F053C /* Products */ = {
			isa = PBXGroup;
			children = (
				6EF5A98121A5ECA5006F053C /* Adapt.app */,
			);
			name = Products;
			sourceTree = "<group>";
		};
		6EF5A98321A5ECA5006F053C /* Adapt */ = {
			isa = PBXGroup;
			children = (
				6E55887E21A5F4D1000C2FA4 /* AdaptLib */,
				6EF5A98421A5ECA5006F053C /* AppDelegate.swift */,
				6EF5A98621A5ECA6006F053C /* ViewController.swift */,
				6EF5A98821A5ECA6006F053C /* Main.storyboard */,
				6EF5A98B21A5ECA7006F053C /* Assets.xcassets */,
				6EF5A98D21A5ECA7006F053C /* LaunchScreen.storyboard */,
				6EF5A99021A5ECA7006F053C /* Info.plist */,
			);
			path = Adapt;
			sourceTree = "<group>";
		};
/* End PBXGroup section */

/* Begin PBXNativeTarget section */
		6EF5A98021A5ECA5006F053C /* Adapt */ = {
			isa = PBXNativeTarget;
			buildConfigurationList = 6EF5A99321A5ECA7006F053C /* Build configuration list for PBXNativeTarget "Adapt" */;
			buildPhases = (
				6EF5A97D21A5ECA5006F053C /* Sources */,
				6EF5A97E21A5ECA5006F053C /* Frameworks */,
				6EF5A97F21A5ECA5006F053C /* Resources */,
			);
			buildRules = (
			);
			dependencies = (
			);
			name = Adapt;
			productName = Adapt;
			productReference = 6EF5A98121A5ECA5006F053C /* Adapt.app */;
			productType = "com.apple.product-type.application";
		};
/* End PBXNativeTarget section */

/* Begin PBXProject section */
		6EF5A97921A5ECA5006F053C /* Project object */ = {
			isa = PBXProject;
			attributes = {
				LastSwiftUpdateCheck = 1000;
				LastUpgradeCheck = 1000;
				ORGANIZATIONNAME = TheATeam;
				TargetAttributes = {
					6EF5A98021A5ECA5006F053C = {
						CreatedOnToolsVersion = 10.0;
					};
				};
			};
			buildConfigurationList = 6EF5A97C21A5ECA5006F053C /* Build configuration list for PBXProject "Adapt" */;
			compatibilityVersion = "Xcode 9.3";
			developmentRegion = en;
			hasScannedForEncodings = 0;
			knownRegions = (
				en,
				Base,
			);
			mainGroup = 6EF5A97821A5ECA5006F053C;
			productRefGroup = 6EF5A98221A5ECA5006F053C /* Products */;
			projectDirPath = "";
			projectRoot = "";
			targets = (
				6EF5A98021A5ECA5006F053C /* Adapt */,
			);
		};
/* End PBXProject section */

/* Begin PBXResourcesBuildPhase section */
		6EF5A97F21A5ECA5006F053C /* Resources */ = {
			isa = PBXResourcesBuildPhase;
			buildActionMask = 2147483647;
			files = (
				6EF5A98F21A5ECA7006F053C /* LaunchScreen.storyboard in Resources */,
				6EF5A98C21A5ECA7006F053C /* Assets.xcassets in Resources */,
				6EF5A98A21A5ECA6006F053C /* Main.storyboard in Resources */,
			);
			runOnlyForDeploymentPostprocessing = 0;
		};
/* End PBXResourcesBuildPhase section */

/* Begin PBXSourcesBuildPhase section */
		6EF5A97D21A5ECA5006F053C /* Sources */ = {
			isa = PBXSourcesBuildPhase;
			buildActionMask = 2147483647;
			files = (
				6EF5A98721A5ECA6006F053C /* ViewController.swift in Sources */,
				6E55888421A85FC9000C2FA4 /* ExerciseParams.swift in Sources */,
				6EF5A98521A5ECA5006F053C /* AppDelegate.swift in Sources */,
				6ED9D5AD21C836F10045863F /* WorkoutStructure.swift in Sources */,
				6ED9D5AF21CD439B0045863F /* Errors.swift in Sources */,
				6E55888221A5FB11000C2FA4 /* Enums.swift in Sources */,
				6E55888021A5F962000C2FA4 /* Exercise.swift in Sources */,
				6E55888621A8A260000C2FA4 /* Workout.swift in Sources */,
			);
			runOnlyForDeploymentPostprocessing = 0;
		};
/* End PBXSourcesBuildPhase section */

/* Begin PBXVariantGroup section */
		6EF5A98821A5ECA6006F053C /* Main.storyboard */ = {
			isa = PBXVariantGroup;
			children = (
				6EF5A98921A5ECA6006F053C /* Base */,
			);
			name = Main.storyboard;
			sourceTree = "<group>";
		};
		6EF5A98D21A5ECA7006F053C /* LaunchScreen.storyboard */ = {
			isa = PBXVariantGroup;
			children = (
				6EF5A98E21A5ECA7006F053C /* Base */,
			);
			name = LaunchScreen.storyboard;
			sourceTree = "<group>";
		};
/* End PBXVariantGroup section */

/* Begin XCBuildConfiguration section */
		6EF5A99121A5ECA7006F053C /* Debug */ = {
			isa = XCBuildConfiguration;
			buildSettings = {
				ALWAYS_SEARCH_USER_PATHS = NO;
				CLANG_ANALYZER_NONNULL = YES;
				CLANG_ANALYZER_NUMBER_OBJECT_CONVERSION = YES_AGGRESSIVE;
				CLANG_CXX_LANGUAGE_STANDARD = "gnu++14";
				CLANG_CXX_LIBRARY = "libc++";
				CLANG_ENABLE_MODULES = YES;
				CLANG_ENABLE_OBJC_ARC = YES;
				CLANG_ENABLE_OBJC_WEAK = YES;
				CLANG_WARN_BLOCK_CAPTURE_AUTORELEASING = YES;
				CLANG_WARN_BOOL_CONVERSION = YES;
				CLANG_WARN_COMMA = YES;
				CLANG_WARN_CONSTANT_CONVERSION = YES;
				CLANG_WARN_DEPRECATED_OBJC_IMPLEMENTATIONS = YES;
				CLANG_WARN_DIRECT_OBJC_ISA_USAGE = YES_ERROR;
				CLANG_WARN_DOCUMENTATION_COMMENTS = YES;
				CLANG_WARN_EMPTY_BODY = YES;
				CLANG_WARN_ENUM_CONVERSION = YES;
				CLANG_WARN_INFINITE_RECURSION = YES;
				CLANG_WARN_INT_CONVERSION = YES;
				CLANG_WARN_NON_LITERAL_NULL_CONVERSION = YES;
				CLANG_WARN_OBJC_IMPLICIT_RETAIN_SELF = YES;
				CLANG_WARN_OBJC_LITERAL_CONVERSION = YES;
				CLANG_WARN_OBJC_ROOT_CLASS = YES_ERROR;
				CLANG_WARN_RANGE_LOOP_ANALYSIS = YES;
				CLANG_WARN_STRICT_PROTOTYPES = YES;
				CLANG_WARN_SUSPICIOUS_MOVE = YES;
				CLANG_WARN_UNGUARDED_AVAILABILITY = YES_AGGRESSIVE;
				CLANG_WARN_UNREACHABLE_CODE = YES;
				CLANG_WARN__DUPLICATE_METHOD_MATCH = YES;
				CODE_SIGN_IDENTITY = "iPhone Developer";
				COPY_PHASE_STRIP = NO;
				DEBUG_INFORMATION_FORMAT = dwarf;
				ENABLE_STRICT_OBJC_MSGSEND = YES;
				ENABLE_TESTABILITY = YES;
				GCC_C_LANGUAGE_STANDARD = gnu11;
				GCC_DYNAMIC_NO_PIC = NO;
				GCC_NO_COMMON_BLOCKS = YES;
				GCC_OPTIMIZATION_LEVEL = 0;
				GCC_PREPROCESSOR_DEFINITIONS = (
					"DEBUG=1",
					"$(inherited)",
				);
				GCC_WARN_64_TO_32_BIT_CONVERSION = YES;
				GCC_WARN_ABOUT_RETURN_TYPE = YES_ERROR;
				GCC_WARN_UNDECLARED_SELECTOR = YES;
				GCC_WARN_UNINITIALIZED_AUTOS = YES_AGGRESSIVE;
				GCC_WARN_UNUSED_FUNCTION = YES;
				GCC_WARN_UNUSED_VARIABLE = YES;
				IPHONEOS_DEPLOYMENT_TARGET = 12.0;
				MTL_ENABLE_DEBUG_INFO = INCLUDE_SOURCE;
				MTL_FAST_MATH = YES;
				ONLY_ACTIVE_ARCH = YES;
				SDKROOT = iphoneos;
				SWIFT_ACTIVE_COMPILATION_CONDITIONS = DEBUG;
				SWIFT_OPTIMIZATION_LEVEL = "-Onone";
			};
			name = Debug;
		};
		6EF5A99221A5ECA7006F053C /* Release */ = {
			isa = XCBuildConfiguration;
			buildSettings = {
				ALWAYS_SEARCH_USER_PATHS = NO;
				CLANG_ANALYZER_NONNULL = YES;
				CLANG_ANALYZER_NUMBER_OBJECT_CONVERSION = YES_AGGRESSIVE;
				CLANG_CXX_LANGUAGE_STANDARD = "gnu++14";
				CLANG_CXX_LIBRARY = "libc++";
				CLANG_ENABLE_MODULES = YES;
				CLANG_ENABLE_OBJC_ARC = YES;
				CLANG_ENABLE_OBJC_WEAK = YES;
				CLANG_WARN_BLOCK_CAPTURE_AUTORELEASING = YES;
				CLANG_WARN_BOOL_CONVERSION = YES;
				CLANG_WARN_COMMA = YES;
				CLANG_WARN_CONSTANT_CONVERSION = YES;
				CLANG_WARN_DEPRECATED_OBJC_IMPLEMENTATIONS = YES;
				CLANG_WARN_DIRECT_OBJC_ISA_USAGE = YES_ERROR;
				CLANG_WARN_DOCUMENTATION_COMMENTS = YES;
				CLANG_WARN_EMPTY_BODY = YES;
				CLANG_WARN_ENUM_CONVERSION = YES;
				CLANG_WARN_INFINITE_RECURSION = YES;
				CLANG_WARN_INT_CONVERSION = YES;
				CLANG_WARN_NON_LITERAL_NULL_CONVERSION = YES;
				CLANG_WARN_OBJC_IMPLICIT_RETAIN_SELF = YES;
				CLANG_WARN_OBJC_LITERAL_CONVERSION = YES;
				CLANG_WARN_OBJC_ROOT_CLASS = YES_ERROR;
				CLANG_WARN_RANGE_LOOP_ANALYSIS = YES;
				CLANG_WARN_STRICT_PROTOTYPES = YES;
				CLANG_WARN_SUSPICIOUS_MOVE = YES;
				CLANG_WARN_UNGUARDED_AVAILABILITY = YES_AGGRESSIVE;
				CLANG_WARN_UNREACHABLE_CODE = YES;
				CLANG_WARN__DUPLICATE_METHOD_MATCH = YES;
				CODE_SIGN_IDENTITY = "iPhone Developer";
				COPY_PHASE_STRIP = NO;
				DEBUG_INFORMATION_FORMAT = "dwarf-with-dsym";
				ENABLE_NS_ASSERTIONS = NO;
				ENABLE_STRICT_OBJC_MSGSEND = YES;
				GCC_C_LANGUAGE_STANDARD = gnu11;
				GCC_NO_COMMON_BLOCKS = YES;
				GCC_WARN_64_TO_32_BIT_CONVERSION = YES;
				GCC_WARN_ABOUT_RETURN_TYPE = YES_ERROR;
				GCC_WARN_UNDECLARED_SELECTOR = YES;
				GCC_WARN_UNINITIALIZED_AUTOS = YES_AGGRESSIVE;
				GCC_WARN_UNUSED_FUNCTION = YES;
				GCC_WARN_UNUSED_VARIABLE = YES;
				IPHONEOS_DEPLOYMENT_TARGET = 12.0;
				MTL_ENABLE_DEBUG_INFO = NO;
				MTL_FAST_MATH = YES;
				SDKROOT = iphoneos;
				SWIFT_COMPILATION_MODE = wholemodule;
				SWIFT_OPTIMIZATION_LEVEL = "-O";
				VALIDATE_PRODUCT = YES;
			};
			name = Release;
		};
		6EF5A99421A5ECA7006F053C /* Debug */ = {
			isa = XCBuildConfiguration;
			buildSettings = {
				ASSETCATALOG_COMPILER_APPICON_NAME = AppIcon;
				CODE_SIGN_STYLE = Automatic;
				DEVELOPMENT_TEAM = 5LKCV3ZV75;
				INFOPLIST_FILE = Adapt/Info.plist;
				LD_RUNPATH_SEARCH_PATHS = (
					"$(inherited)",
					"@executable_path/Frameworks",
				);
				PRODUCT_BUNDLE_IDENTIFIER = Fitness.Adapt;
				PRODUCT_NAME = "$(TARGET_NAME)";
				SWIFT_VERSION = 4.2;
				TARGETED_DEVICE_FAMILY = 1;
			};
			name = Debug;
		};
		6EF5A99521A5ECA7006F053C /* Release */ = {
			isa = XCBuildConfiguration;
			buildSettings = {
				ASSETCATALOG_COMPILER_APPICON_NAME = AppIcon;
				CODE_SIGN_STYLE = Automatic;
				DEVELOPMENT_TEAM = 5LKCV3ZV75;
				INFOPLIST_FILE = Adapt/Info.plist;
				LD_RUNPATH_SEARCH_PATHS = (
					"$(inherited)",
					"@executable_path/Frameworks",
				);
				PRODUCT_BUNDLE_IDENTIFIER = Fitness.Adapt;
				PRODUCT_NAME = "$(TARGET_NAME)";
				SWIFT_VERSION = 4.2;
				TARGETED_DEVICE_FAMILY = 1;
			};
			name = Release;
		};
/* End XCBuildConfiguration section */

/* Begin XCConfigurationList section */
		6EF5A97C21A5ECA5006F053C /* Build configuration list for PBXProject "Adapt" */ = {
			isa = XCConfigurationList;
			buildConfigurations = (
				6EF5A99121A5ECA7006F053C /* Debug */,
				6EF5A99221A5ECA7006F053C /* Release */,
			);
			defaultConfigurationIsVisible = 0;
			defaultConfigurationName = Release;
		};
		6EF5A99321A5ECA7006F053C /* Build configuration list for PBXNativeTarget "Adapt" */ = {
			isa = XCConfigurationList;
			buildConfigurations = (
				6EF5A99421A5ECA7006F053C /* Debug */,
				6EF5A99521A5ECA7006F053C /* Release */,
			);
			defaultConfigurationIsVisible = 0;
			defaultConfigurationName = Release;
		};
/* End XCConfigurationList section */
	};
	rootObject = 6EF5A97921A5ECA5006F053C /* Project object */;
}
